# THIS IS AN AUTOGENERATED FILE. DO NOT EDIT THIS FILE DIRECTLY.
# yarn lockfile v1


angular-route@1.4.8:
  version "1.4.8"
  resolved "https://registry.npmjs.org/angular-route/-/angular-route-1.4.8.tgz"
  integrity sha512-UABhsJkrLWUwQnA4mPvLtBhHjp+JGeWOeREfd+Ah+KlYFVmuF3O2Yv0d1Tgy2KtJGFIRhXxgCNboPsn5VE/aqA==

angular@1.4.8:
  version "1.4.8"
  resolved "https://registry.npmjs.org/angular/-/angular-1.4.8.tgz"
  integrity sha512-Ku266I8YeRwtdnBWv3gAQPGxCZ4ASQAibbe+kHH5z6aNswv8juQrfGnWcwnvZ3iuL0ge2VgZe8OtrcvXBRufgg==

bootstrap@4.6.2:
  version "4.6.2"
  resolved "https://registry.npmjs.org/bootstrap/-/bootstrap-4.6.2.tgz"
  integrity sha512-51Bbp/Uxr9aTuy6ca/8FbFloBUJZLHwnhTcnjIeRn2suQWsWzcuJhGjKDB5eppVte/8oCdOL3VuwxvZDUggwGQ==

cyberhawk@0.8.0:
  version "0.8.0"
  resolved "https://registry.yarnpkg.com/cyberhawk/-/cyberhawk-0.8.0.tgz#29a2066f4fef9e107ccea23c47c0a7b4c9295864"
  integrity sha512-iwLgXuJXkysWGtXyJWp0iCvjG9sjWEuYwizvRPXpi+yPz/NFkDUOUKc3PwM6zl2AqBz+XUZT8ccZ4msPYTOp9g==
  dependencies:
    angular "1.4.8"
    angular-route "1.4.8"
    underscore ">= 1.13.6"

johto@^0.0.1:
  version "0.0.1"
  resolved "https://registry.npmjs.org/johto/-/johto-0.0.1.tgz"
  integrity sha512-ma/YtfQbVJZlpNcEdK4lsBu6jpcSVEQ9FkpG5nez4iT894rhlVA5QlU41SRyGu8H6YW2U3LFNmKcqQuto/ThJg==
  dependencies:
    angular "1.4.8"
    angular-route "1.4.8"

jquery@3.6.1:
  version "3.6.1"
  resolved "https://registry.npmjs.org/jquery/-/jquery-3.6.1.tgz"
  integrity sha512-opJeO4nCucVnsjiXOE+/PcCgYw9Gwpvs/a6B1LL/lQhwWwpbVEVYDZ1FokFr8PRc7ghYlrFPuyHuiiDNTQxmcw==

js-cookie@2.2.1:
  version "2.2.1"
  resolved "https://registry.npmjs.org/js-cookie/-/js-cookie-2.2.1.tgz"
  integrity sha512-HvdH2LzI/EAZcUwA8+0nKNtWHqS+ZmijLA30RwZA0bo7ToCckjK5MkGhjED9KoRcXO6BaGI3I9UIzSA1FKFPOQ==

underscore@1.13.6, "underscore@>= 1.13.6":
  version "1.13.6"
  resolved "https://registry.npmjs.org/underscore/-/underscore-1.13.6.tgz"
  integrity sha512-+A5Sja4HP1M08MaXya7p5LvjuM7K6q/2EaC0+iovj/wOcMsTzMvDFbasi/oSapiwOlt252IqsKqPjCl7huKS0A==

yarn@^1.22.22:
  version "1.22.22"
  resolved "https://registry.npmjs.org/yarn/-/yarn-1.22.22.tgz"
  integrity sha512-prL3kGtyG7o9Z9Sv8IPfBNrWTDmXB4Qbes8A9rEzt6wkJV8mUvoirjU0Mp3GGAU06Y0XQyA3/2/RQFVuK7MTfg==
